PODS:
  - Analytics (3.0.7)
  - Expecta (1.0.5)
  - Optimizely-iOS-SDK (1.4.2)
  - Segment-Optimizely (1.1.0):
    - Analytics (~> 3.0.3)
    - Optimizely-iOS-SDK (~> 1.4.2)
  - Specta (1.0.5)

DEPENDENCIES:
  - Expecta
  - Segment-Optimizely (from `../`)
  - Specta

EXTERNAL SOURCES:
  Segment-Optimizely:
    :path: ../

SPEC CHECKSUMS:
  Analytics: b342fb4f43fa4f97ca6f4358b44d3295217ba294
  Expecta: e1c022fcd33910b6be89c291d2775b3fe27a89fe
  Optimizely-iOS-SDK: 6d23c5cde187f894430d134caa15f56874754cca
  Segment-Optimizely: e3e829b6a5fc6c8547e62111dc0d71800cd0b900
  Specta: ac94d110b865115fe60ff2c6d7281053c6f8e8a2

COCOAPODS: 0.39.0
