PODS:
  - Analytics (3.0.3)
  - Expecta (1.0.5)
  - Optimizely-iOS-SDK (1.2.2)
  - Segment-Optimizely (1.0.0):
    - Analytics (~> 3.0.3)
    - Optimizely-iOS-SDK (~> 1.2.2)
  - Specta (1.0.5)

DEPENDENCIES:
  - Expecta
  - Segment-Optimizely (from `../`)
  - Specta

EXTERNAL SOURCES:
  Segment-Optimizely:
    :path: ../

SPEC CHECKSUMS:
  Analytics: 7a5f10f6a2dd313d650f5db2642d9f967da3c693
  Expecta: e1c022fcd33910b6be89c291d2775b3fe27a89fe
  Optimizely-iOS-SDK: b6f231f0fc6259b732f10bce02bb667805c2f615
  Segment-Optimizely: 06c5695bd6f4b20ce0434f5eb485dee61c07616c
  Specta: ac94d110b865115fe60ff2c6d7281053c6f8e8a2

COCOAPODS: 0.39.0
